
Microsoft Visual Studio Solution File, Format Version 12.00
# Visual Studio Version 17
VisualStudioVersion = 17.6.33712.159
MinimumVisualStudioVersion = 10.0.40219.1
Project("{9A19103F-16F7-4668-BE54-9A1E7A4F7556}") = "Demo", "Demo\Demo.csproj", "{DE5460FD-2D93-4656-A25F-9CC77B529481}"
EndProject
Project("{9A19103F-16F7-4668-BE54-9A1E7A4F7556}") = "Solvers", "Solvers\Solvers.csproj", "{48A1EDFF-C547-48A3-8D90-C00F2941A9D4}"
EndProject
Project("{9A19103F-16F7-4668-BE54-9A1E7A4F7556}") = "ProblemGenerators", "ProblemGenerators\ProblemGenerators.csproj", "{69E32153-42AB-4DF9-BB09-059C6441065B}"
EndProject
Project("{9A19103F-16F7-4668-BE54-9A1E7A4F7556}") = "Common", "Common\Common.csproj", "{DB774A64-8CA3-411C-8E77-28F5B2245C4E}"
EndProject
Project("{FAE04EC0-301F-11D3-BF4B-00C04F79EFBC}") = "Experiments", "Experiments\Experiments.csproj", "{D08D9FC5-93FD-4E0A-B609-C4CEEA6F1F60}"
EndProject
Global
	GlobalSection(SolutionConfigurationPlatforms) = preSolution
		Debug|Any CPU = Debug|Any CPU
		Release|Any CPU = Release|Any CPU
	EndGlobalSection
	GlobalSection(ProjectConfigurationPlatforms) = postSolution
		{DE5460FD-2D93-4656-A25F-9CC77B529481}.Debug|Any CPU.ActiveCfg = Debug|Any CPU
		{DE5460FD-2D93-4656-A25F-9CC77B529481}.Debug|Any CPU.Build.0 = Debug|Any CPU
		{DE5460FD-2D93-4656-A25F-9CC77B529481}.Release|Any CPU.ActiveCfg = Release|Any CPU
		{DE5460FD-2D93-4656-A25F-9CC77B529481}.Release|Any CPU.Build.0 = Release|Any CPU
		{48A1EDFF-C547-48A3-8D90-C00F2941A9D4}.Debug|Any CPU.ActiveCfg = Debug|Any CPU
		{48A1EDFF-C547-48A3-8D90-C00F2941A9D4}.Debug|Any CPU.Build.0 = Debug|Any CPU
		{48A1EDFF-C547-48A3-8D90-C00F2941A9D4}.Release|Any CPU.ActiveCfg = Release|Any CPU
		{48A1EDFF-C547-48A3-8D90-C00F2941A9D4}.Release|Any CPU.Build.0 = Release|Any CPU
		{69E32153-42AB-4DF9-BB09-059C6441065B}.Debug|Any CPU.ActiveCfg = Debug|Any CPU
		{69E32153-42AB-4DF9-BB09-059C6441065B}.Debug|Any CPU.Build.0 = Debug|Any CPU
		{69E32153-42AB-4DF9-BB09-059C6441065B}.Release|Any CPU.ActiveCfg = Release|Any CPU
		{69E32153-42AB-4DF9-BB09-059C6441065B}.Release|Any CPU.Build.0 = Release|Any CPU
		{DB774A64-8CA3-411C-8E77-28F5B2245C4E}.Debug|Any CPU.ActiveCfg = Debug|Any CPU
		{DB774A64-8CA3-411C-8E77-28F5B2245C4E}.Debug|Any CPU.Build.0 = Debug|Any CPU
		{DB774A64-8CA3-411C-8E77-28F5B2245C4E}.Release|Any CPU.ActiveCfg = Release|Any CPU
		{DB774A64-8CA3-411C-8E77-28F5B2245C4E}.Release|Any CPU.Build.0 = Release|Any CPU
		{D08D9FC5-93FD-4E0A-B609-C4CEEA6F1F60}.Debug|Any CPU.ActiveCfg = Debug|Any CPU
		{D08D9FC5-93FD-4E0A-B609-C4CEEA6F1F60}.Debug|Any CPU.Build.0 = Debug|Any CPU
		{D08D9FC5-93FD-4E0A-B609-C4CEEA6F1F60}.Release|Any CPU.ActiveCfg = Release|Any CPU
		{D08D9FC5-93FD-4E0A-B609-C4CEEA6F1F60}.Release|Any CPU.Build.0 = Release|Any CPU
	EndGlobalSection
	GlobalSection(SolutionProperties) = preSolution
		HideSolutionNode = FALSE
	EndGlobalSection
	GlobalSection(ExtensibilityGlobals) = postSolution
		SolutionGuid = {7B558ABA-D9E4-4770-A45B-65D10B6DC6FC}
	EndGlobalSection
EndGlobal
